
Microsoft Visual Studio Solution File, Format Version 12.00
# Visual Studio Version 17
VisualStudioVersion = 17.8.34511.84
MinimumVisualStudioVersion = 10.0.40219.1
Project("{FAE04EC0-301F-11D3-BF4B-00C04F79EFBC}") = "ConsoleApp1", "ConsoleApp1\ConsoleApp1.csproj", "{A26E5E36-1B39-4C8E-8911-4797C1020EF5}"
EndProject
Global
	GlobalSection(SolutionConfigurationPlatforms) = preSolution
		Debug|Any CPU = Debug|Any CPU
		Release|Any CPU = Release|Any CPU
	EndGlobalSection
	GlobalSection(ProjectConfigurationPlatforms) = postSolution
		{A26E5E36-1B39-4C8E-8911-4797C1020EF5}.Debug|Any CPU.ActiveCfg = Debug|Any CPU
		{A26E5E36-1B39-4C8E-8911-4797C1020EF5}.Debug|Any CPU.Build.0 = Debug|Any CPU
		{A26E5E36-1B39-4C8E-8911-4797C1020EF5}.Release|Any CPU.ActiveCfg = Release|Any CPU
		{A26E5E36-1B39-4C8E-8911-4797C1020EF5}.Release|Any CPU.Build.0 = Release|Any CPU
	EndGlobalSection
	GlobalSection(SolutionProperties) = preSolution
		HideSolutionNode = FALSE
	EndGlobalSection
	GlobalSection(ExtensibilityGlobals) = postSolution
		SolutionGuid = {1BC740D3-3C0E-427F-9B0F-4AF7226B7FDC}
	EndGlobalSection
EndGlobal
